
Microsoft Visual Studio Solution File, Format Version 12.00
# Visual Studio Version 16
VisualStudioVersion = 16.0.30413.136
MinimumVisualStudioVersion = 10.0.40219.1
Project("{FAE04EC0-301F-11D3-BF4B-00C04F79EFBC}") = "EntidadesAbstractas", "Entidades\EntidadesAbstractas.csproj", "{DC0A2526-B5B5-41B7-BC25-2E33667041ED}"
EndProject
Project("{FAE04EC0-301F-11D3-BF4B-00C04F79EFBC}") = "ClasesInstanciables", "ClasesInstanciables\ClasesInstanciables.csproj", "{EE6C7C49-F165-4E01-8A9E-21199071EF09}"
EndProject
Project("{FAE04EC0-301F-11D3-BF4B-00C04F79EFBC}") = "Excepciones", "Excepciones\Excepciones.csproj", "{581E8C72-7666-4F60-975F-2D3DDEACC5C1}"
EndProject
Global
	GlobalSection(SolutionConfigurationPlatforms) = preSolution
		Debug|Any CPU = Debug|Any CPU
		Release|Any CPU = Release|Any CPU
	EndGlobalSection
	GlobalSection(ProjectConfigurationPlatforms) = postSolution
		{DC0A2526-B5B5-41B7-BC25-2E33667041ED}.Debug|Any CPU.ActiveCfg = Debug|Any CPU
		{DC0A2526-B5B5-41B7-BC25-2E33667041ED}.Debug|Any CPU.Build.0 = Debug|Any CPU
		{DC0A2526-B5B5-41B7-BC25-2E33667041ED}.Release|Any CPU.ActiveCfg = Release|Any CPU
		{DC0A2526-B5B5-41B7-BC25-2E33667041ED}.Release|Any CPU.Build.0 = Release|Any CPU
		{EE6C7C49-F165-4E01-8A9E-21199071EF09}.Debug|Any CPU.ActiveCfg = Debug|Any CPU
		{EE6C7C49-F165-4E01-8A9E-21199071EF09}.Debug|Any CPU.Build.0 = Debug|Any CPU
		{EE6C7C49-F165-4E01-8A9E-21199071EF09}.Release|Any CPU.ActiveCfg = Release|Any CPU
		{EE6C7C49-F165-4E01-8A9E-21199071EF09}.Release|Any CPU.Build.0 = Release|Any CPU
		{581E8C72-7666-4F60-975F-2D3DDEACC5C1}.Debug|Any CPU.ActiveCfg = Debug|Any CPU
		{581E8C72-7666-4F60-975F-2D3DDEACC5C1}.Debug|Any CPU.Build.0 = Debug|Any CPU
		{581E8C72-7666-4F60-975F-2D3DDEACC5C1}.Release|Any CPU.ActiveCfg = Release|Any CPU
		{581E8C72-7666-4F60-975F-2D3DDEACC5C1}.Release|Any CPU.Build.0 = Release|Any CPU
	EndGlobalSection
	GlobalSection(SolutionProperties) = preSolution
		HideSolutionNode = FALSE
	EndGlobalSection
	GlobalSection(ExtensibilityGlobals) = postSolution
		SolutionGuid = {8979765E-F600-44BF-991C-F8598FBB08C7}
	EndGlobalSection
EndGlobal
